# THIS IS AN AUTOGENERATED FILE. DO NOT EDIT THIS FILE DIRECTLY.
# yarn lockfile v1


"accepts@~1.3.5":
  "integrity" "sha512-Il80Qs2WjYlJIBNzNkK6KYqlVMTbZLXgHx2oT0pU/fjRHyEp+PEfEPY0R3WCwAGVOtauxh1hOxNgIf5bv7dQpA=="
  "resolved" "https://registry.npmjs.org/accepts/-/accepts-1.3.7.tgz"
  "version" "1.3.7"
  dependencies:
    "mime-types" "~2.1.24"
    "negotiator" "0.6.2"

"amdefine@>=0.0.4":
  "integrity" "sha1-SlKCrBZHKek2Gbz9OtFR+BfOkfU="
  "resolved" "https://registry.npmjs.org/amdefine/-/amdefine-1.0.1.tgz"
  "version" "1.0.1"

"append-field@^1.0.0":
  "integrity" "sha1-HjRA6RXwsSA9I3SOeO3XubW0PlY="
  "resolved" "https://registry.npmjs.org/append-field/-/append-field-1.0.0.tgz"
  "version" "1.0.0"

"array-flatten@1.1.1":
  "integrity" "sha1-ml9pkFGx5wczKPKgCJaLZOopVdI="
  "resolved" "https://registry.npmjs.org/array-flatten/-/array-flatten-1.1.1.tgz"
  "version" "1.1.1"

"asn1.js@^5.4.1":
  "integrity" "sha512-+I//4cYPccV8LdmBLiX8CYvf9Sp3vQsrqu2QNXRcrbiWvcx/UdlFiqUJJzxRQxgsZmvhXhn4cSKeSmoFjVdupA=="
  "resolved" "https://registry.npmjs.org/asn1.js/-/asn1.js-5.4.1.tgz"
  "version" "5.4.1"
  dependencies:
    "bn.js" "^4.0.0"
    "inherits" "^2.0.1"
    "minimalistic-assert" "^1.0.0"
    "safer-buffer" "^2.1.0"

"astw@~0.0.0":
  "integrity" "sha1-RJCGaj7xFqr5GtumPKfd9wttWb0="
  "resolved" "https://registry.npmjs.org/astw/-/astw-0.0.0.tgz"
  "version" "0.0.0"
  dependencies:
    "esprima" "1.0.2"

"async@2.6.0":
  "integrity" "sha512-xAfGg1/NTLBBKlHFmnd7PlmUW9KhVQIUuSrYem9xzFUZy13ScvtyGGejaae9iAVRiRq9+Cx7DPFaAAhCpyxyPw=="
  "resolved" "https://registry.npmjs.org/async/-/async-2.6.0.tgz"
  "version" "2.6.0"
  dependencies:
    "lodash" "^4.14.0"

"bagpipe@^0.3.5":
  "integrity" "sha1-40HRZPyyTN8E6n4Ft2XsEMiupqE="
  "resolved" "https://registry.npmjs.org/bagpipe/-/bagpipe-0.3.5.tgz"
  "version" "0.3.5"

"balanced-match@^1.0.0":
  "integrity" "sha512-3oSeUO0TMV67hN1AmbXsK4yaqU7tjiHlbxRDZOpH0KW9+CeX4bRAaX0Anxt0tx2MrpRpWwQaPwIlISEJhYU5Pw=="
  "resolved" "https://registry.npmjs.org/balanced-match/-/balanced-match-1.0.2.tgz"
  "version" "1.0.2"

"base64url@3.x.x":
  "integrity" "sha512-ir1UPr3dkwexU7FdV8qBBbNDRUhMmIekYMFZfi+C/sLNnRESKPl23nB9b2pltqfOQNnGzsDdId90AEtG5tCx4A=="
  "resolved" "https://registry.npmjs.org/base64url/-/base64url-3.0.1.tgz"
  "version" "3.0.1"

"basic-auth@~2.0.0":
  "integrity" "sha512-NF+epuEdnUYVlGuhaxbbq+dvJttwLnGY+YixlXlME5KpQ5W3CnXA5cVTneY3SPbPDRkcjMbifrwmFYcClgOZeg=="
  "resolved" "https://registry.npmjs.org/basic-auth/-/basic-auth-2.0.1.tgz"
  "version" "2.0.1"
  dependencies:
    "safe-buffer" "5.1.2"

"bluebird@3.5.0":
  "integrity" "sha1-eRQg1/VR7qKJdFOop3ZT+WYG1nw="
  "resolved" "https://registry.npmjs.org/bluebird/-/bluebird-3.5.0.tgz"
  "version" "3.5.0"

"bn.js@^4.0.0":
  "integrity" "sha512-c98Bf3tPniI+scsdk237ku1Dc3ujXQTSgyiPUDEOe7tRkhrqridvh8klBv0HCEso1OLOYcHuCv/cS6DNxKH+ZA=="
  "resolved" "https://registry.npmjs.org/bn.js/-/bn.js-4.12.0.tgz"
  "version" "4.12.0"

"body-parser@1.18.3":
  "integrity" "sha1-WykhmP/dVTs6DyDe0FkrlWlVyLQ="
  "resolved" "https://registry.npmjs.org/body-parser/-/body-parser-1.18.3.tgz"
  "version" "1.18.3"
  dependencies:
    "bytes" "3.0.0"
    "content-type" "~1.0.4"
    "debug" "2.6.9"
    "depd" "~1.1.2"
    "http-errors" "~1.6.3"
    "iconv-lite" "0.4.23"
    "on-finished" "~2.3.0"
    "qs" "6.5.2"
    "raw-body" "2.3.3"
    "type-is" "~1.6.16"

"brace-expansion@^1.1.7":
  "integrity" "sha512-iCuPHDFgrHX7H2vEI/5xpz07zSHB00TpugqhmYtVmMO6518mCuRMoOYFldEBl0g187ufozdaHgWKcYFb61qGiA=="
  "resolved" "https://registry.npmjs.org/brace-expansion/-/brace-expansion-1.1.11.tgz"
  "version" "1.1.11"
  dependencies:
    "balanced-match" "^1.0.0"
    "concat-map" "0.0.1"

"bson@~1.0.4":
  "integrity" "sha512-IQX9/h7WdMBIW/q/++tGd+emQr0XMdeZ6icnT/74Xk9fnabWn+gZgpE+9V+gujL3hhJOoNrnDVY7tWdzc7NUTg=="
  "resolved" "https://registry.npmjs.org/bson/-/bson-1.0.9.tgz"
  "version" "1.0.9"

"buffer-equal-constant-time@1.0.1":
  "integrity" "sha1-+OcRMvf/5uAaXJaXpMbz5I1cyBk="
  "resolved" "https://registry.npmjs.org/buffer-equal-constant-time/-/buffer-equal-constant-time-1.0.1.tgz"
  "version" "1.0.1"

"buffer-from@^1.0.0":
  "integrity" "sha512-E+XQCRwSbaaiChtv6k6Dwgc+bx+Bs6vuKJHHl5kox/BaKbhiXzqQOwK4cO22yElGp2OCmjwVhT3HmxgyPGnJfQ=="
  "resolved" "https://registry.npmjs.org/buffer-from/-/buffer-from-1.1.2.tgz"
  "version" "1.1.2"

"buffer-shims@~1.0.0":
  "integrity" "sha1-mXjOMXOIxkmth5MCjDR37wRKi1E="
  "resolved" "https://registry.npmjs.org/buffer-shims/-/buffer-shims-1.0.0.tgz"
  "version" "1.0.0"

"busboy@^0.2.11":
  "integrity" "sha1-bCpiLvz0fFe7vh4qnDetNseSVFM="
  "resolved" "https://registry.npmjs.org/busboy/-/busboy-0.2.14.tgz"
  "version" "0.2.14"
  dependencies:
    "dicer" "0.2.5"
    "readable-stream" "1.1.x"

"bytes@3.0.0":
  "integrity" "sha1-0ygVQE1olpn4Wk6k+odV3ROpYEg="
  "resolved" "https://registry.npmjs.org/bytes/-/bytes-3.0.0.tgz"
  "version" "3.0.0"

"character-parser@1.0.2":
  "integrity" "sha1-VThNavz4xrndSD6DR2RqeQ5FRec="
  "resolved" "https://registry.npmjs.org/character-parser/-/character-parser-1.0.2.tgz"
  "version" "1.0.2"

"commander@1.1.1":
  "integrity" "sha1-UNFlGGiuYOzP8KLZ80WVN2vGsEE="
  "resolved" "https://registry.npmjs.org/commander/-/commander-1.1.1.tgz"
  "version" "1.1.1"
  dependencies:
    "keypress" "0.1.x"

"concat-map@0.0.1":
  "integrity" "sha1-2Klr13/Wjfd5OnMDajug1UBdR3s="
  "resolved" "https://registry.npmjs.org/concat-map/-/concat-map-0.0.1.tgz"
  "version" "0.0.1"

"concat-stream@^1.5.2":
  "integrity" "sha512-27HBghJxjiZtIk3Ycvn/4kbJk/1uZuJFfuPEns6LaEvpvG1f0hTea8lilrouyo9mVc2GWdcEZ8OLoGmSADlrCw=="
  "resolved" "https://registry.npmjs.org/concat-stream/-/concat-stream-1.6.2.tgz"
  "version" "1.6.2"
  dependencies:
    "buffer-from" "^1.0.0"
    "inherits" "^2.0.3"
    "readable-stream" "^2.2.2"
    "typedarray" "^0.0.6"

"content-disposition@0.5.2":
  "integrity" "sha1-DPaLud318r55YcOoUXjLhdunjLQ="
  "resolved" "https://registry.npmjs.org/content-disposition/-/content-disposition-0.5.2.tgz"
  "version" "0.5.2"

"content-type@~1.0.4":
  "integrity" "sha512-hIP3EEPs8tB9AT1L+NUqtwOAps4mk2Zob89MWXMHjHWg9milF/j4osnnQLXBCBFBk/tvIG/tUc9mOUJiPBhPXA=="
  "resolved" "https://registry.npmjs.org/content-type/-/content-type-1.0.4.tgz"
  "version" "1.0.4"

"cookie-parser@~1.4.4":
  "integrity" "sha512-z3IzaNjdwUC2olLIB5/ITd0/setiaFMLYiZJle7xg5Fe9KWAceil7xszYfHHBtDFYLSgJduS2Ty0P1uJdPDJeA=="
  "resolved" "https://registry.npmjs.org/cookie-parser/-/cookie-parser-1.4.6.tgz"
  "version" "1.4.6"
  dependencies:
    "cookie" "0.4.1"
    "cookie-signature" "1.0.6"

"cookie-signature@1.0.6":
  "integrity" "sha1-4wOogrNCzD7oylE6eZmXNNqzriw="
  "resolved" "https://registry.npmjs.org/cookie-signature/-/cookie-signature-1.0.6.tgz"
  "version" "1.0.6"

"cookie@0.3.1":
  "integrity" "sha1-5+Ch+e9DtMi6klxcWpboBtFoc7s="
  "resolved" "https://registry.npmjs.org/cookie/-/cookie-0.3.1.tgz"
  "version" "0.3.1"

"cookie@0.4.1":
  "integrity" "sha512-ZwrFkGJxUR3EIoXtO+yVE69Eb7KlixbaeAWfBQB9vVsNn/o+Yw69gBWSSDK825hQNdN+wF8zELf3dFNl/kxkUA=="
  "resolved" "https://registry.npmjs.org/cookie/-/cookie-0.4.1.tgz"
  "version" "0.4.1"

"core-util-is@~1.0.0":
  "integrity" "sha512-ZQBvi1DcpJ4GDqanjucZ2Hj3wEO5pZDS89BWbkcrvdxksJorwUDDZamX9ldFkp9aw2lmBDLgkObEA4DWNJ9FYQ=="
  "resolved" "https://registry.npmjs.org/core-util-is/-/core-util-is-1.0.3.tgz"
  "version" "1.0.3"

"cors@^2.8.5":
  "integrity" "sha512-KIHbLJqu73RGr/hnbrO9uBeixNGuvSQjul/jdFvS/KFSIH1hWVd1ng7zOHx+YrEfInLG7q4n6GHQ9cDtxv/P6g=="
  "resolved" "https://registry.npmjs.org/cors/-/cors-2.8.5.tgz"
  "version" "2.8.5"
  dependencies:
    "object-assign" "^4"
    "vary" "^1"

"css-parse@1.0.4":
  "integrity" "sha1-OLBQP7+dqfVOnB29pg4UXHcRe90="
  "resolved" "https://registry.npmjs.org/css-parse/-/css-parse-1.0.4.tgz"
  "version" "1.0.4"

"css-stringify@1.0.5":
  "integrity" "sha1-sNBClG2ylTu50pKQCmy19tASIDE="
  "resolved" "https://registry.npmjs.org/css-stringify/-/css-stringify-1.0.5.tgz"
  "version" "1.0.5"

"css@~1.0.8":
  "integrity" "sha1-k4aBHKgrzMnuf7WnMrHioxfIo+c="
  "resolved" "https://registry.npmjs.org/css/-/css-1.0.8.tgz"
  "version" "1.0.8"
  dependencies:
    "css-parse" "1.0.4"
    "css-stringify" "1.0.5"

"debug@~2.6.9", "debug@2.6.9":
  "integrity" "sha512-bC7ElrdJaJnPbAP+1EotYvqZsb3ecl5wi6Bfi6BJTUcNowp6cvspg0jXznRTKDjm/E7AdgFBVeAPVMNcKGsHMA=="
  "resolved" "https://registry.npmjs.org/debug/-/debug-2.6.9.tgz"
  "version" "2.6.9"
  dependencies:
    "ms" "2.0.0"

"depd@~1.1.2":
  "integrity" "sha1-m81S4UwJd2PnSbJ0xDRu0uVgtak="
  "resolved" "https://registry.npmjs.org/depd/-/depd-1.1.2.tgz"
  "version" "1.1.2"

"depd@~2.0.0":
  "integrity" "sha512-g7nH6P6dyDioJogAAGprGpCtVImJhpPk/roCzdb3fIh61/s/nPsfR6onyMwkCAR/OlC3yBC0lESvUoQEAssIrw=="
  "resolved" "https://registry.npmjs.org/depd/-/depd-2.0.0.tgz"
  "version" "2.0.0"

"destroy@~1.0.4":
  "integrity" "sha1-l4hXRCxEdJ5CBmE+N5RiBYJqvYA="
  "resolved" "https://registry.npmjs.org/destroy/-/destroy-1.0.4.tgz"
  "version" "1.0.4"

"dicer@0.2.5":
  "integrity" "sha1-WZbAhrszIYyBLAkL3cCc0S+stw8="
  "resolved" "https://registry.npmjs.org/dicer/-/dicer-0.2.5.tgz"
  "version" "0.2.5"
  dependencies:
    "readable-stream" "1.1.x"
    "streamsearch" "0.1.2"

"ecdsa-sig-formatter@1.0.11":
  "integrity" "sha512-nagl3RYrbNv6kQkeJIpt6NJZy8twLB/2vtz6yN9Z4vRKHN4/QZJIEbqohALSgwKdnksuY3k5Addp5lg8sVoVcQ=="
  "resolved" "https://registry.npmjs.org/ecdsa-sig-formatter/-/ecdsa-sig-formatter-1.0.11.tgz"
  "version" "1.0.11"
  dependencies:
    "safe-buffer" "^5.0.1"

"ee-first@1.1.1":
  "integrity" "sha1-WQxhFWsK4vTwJVcyoViyZrxWsh0="
  "resolved" "https://registry.npmjs.org/ee-first/-/ee-first-1.1.1.tgz"
  "version" "1.1.1"

"encodeurl@~1.0.2":
  "integrity" "sha1-rT/0yG7C0CkyL1oCw6mmBslbP1k="
  "resolved" "https://registry.npmjs.org/encodeurl/-/encodeurl-1.0.2.tgz"
  "version" "1.0.2"

"es6-promise@3.2.1":
  "integrity" "sha1-7FYjOGgDKQkgcXDDlEjiREndH8Q="
  "resolved" "https://registry.npmjs.org/es6-promise/-/es6-promise-3.2.1.tgz"
  "version" "3.2.1"

"escape-html@~1.0.3":
  "integrity" "sha1-Aljq5NPQwJdN4cFpGI7wBR0dGYg="
  "resolved" "https://registry.npmjs.org/escape-html/-/escape-html-1.0.3.tgz"
  "version" "1.0.3"

"esprima@1.0.2":
  "integrity" "sha1-gDm/nOrE2dLBX2IyZPspK1UCzq8="
  "resolved" "https://registry.npmjs.org/esprima/-/esprima-1.0.2.tgz"
  "version" "1.0.2"

"etag@~1.8.1":
  "integrity" "sha1-Qa4u62XvpiJorr/qg6x9eSmbCIc="
  "resolved" "https://registry.npmjs.org/etag/-/etag-1.8.1.tgz"
  "version" "1.8.1"

"express-session@^1.17.2":
  "integrity" "sha512-mPcYcLA0lvh7D4Oqr5aNJFMtBMKPLl++OKKxkHzZ0U0oDq1rpKBnkR5f5vCHR26VeArlTOEF9td4x5IjICksRQ=="
  "resolved" "https://registry.npmjs.org/express-session/-/express-session-1.17.2.tgz"
  "version" "1.17.2"
  dependencies:
    "cookie" "0.4.1"
    "cookie-signature" "1.0.6"
    "debug" "2.6.9"
    "depd" "~2.0.0"
    "on-headers" "~1.0.2"
    "parseurl" "~1.3.3"
    "safe-buffer" "5.2.1"
    "uid-safe" "~2.1.5"

"express@~4.16.1":
  "integrity" "sha512-j12Uuyb4FMrd/qQAm6uCHAkPtO8FDTRJZBDd5D2KOL2eLaz1yUNdUB/NOIyq0iU4q4cFarsUCrnFDPBcnksuOg=="
  "resolved" "https://registry.npmjs.org/express/-/express-4.16.4.tgz"
  "version" "4.16.4"
  dependencies:
    "accepts" "~1.3.5"
    "array-flatten" "1.1.1"
    "body-parser" "1.18.3"
    "content-disposition" "0.5.2"
    "content-type" "~1.0.4"
    "cookie" "0.3.1"
    "cookie-signature" "1.0.6"
    "debug" "2.6.9"
    "depd" "~1.1.2"
    "encodeurl" "~1.0.2"
    "escape-html" "~1.0.3"
    "etag" "~1.8.1"
    "finalhandler" "1.1.1"
    "fresh" "0.5.2"
    "merge-descriptors" "1.0.1"
    "methods" "~1.1.2"
    "on-finished" "~2.3.0"
    "parseurl" "~1.3.2"
    "path-to-regexp" "0.1.7"
    "proxy-addr" "~2.0.4"
    "qs" "6.5.2"
    "range-parser" "~1.2.0"
    "safe-buffer" "5.1.2"
    "send" "0.16.2"
    "serve-static" "1.13.2"
    "setprototypeof" "1.1.0"
    "statuses" "~1.4.0"
    "type-is" "~1.6.16"
    "utils-merge" "1.0.1"
    "vary" "~1.1.2"

"finalhandler@1.1.1":
  "integrity" "sha512-Y1GUDo39ez4aHAw7MysnUD5JzYX+WaIj8I57kO3aEPT1fFRL4sr7mjei97FgnwhAyyzRYmQZaTHb2+9uZ1dPtg=="
  "resolved" "https://registry.npmjs.org/finalhandler/-/finalhandler-1.1.1.tgz"
  "version" "1.1.1"
  dependencies:
    "debug" "2.6.9"
    "encodeurl" "~1.0.2"
    "escape-html" "~1.0.3"
    "on-finished" "~2.3.0"
    "parseurl" "~1.3.2"
    "statuses" "~1.4.0"
    "unpipe" "~1.0.0"

"forwarded@0.2.0":
  "integrity" "sha512-buRG0fpBtRHSTCOASe6hD258tEubFoRLb4ZNA6NxMVHNw2gOcwHo9wyablzMzOA5z9xA9L1KNjk/Nt6MT9aYow=="
  "resolved" "https://registry.npmjs.org/forwarded/-/forwarded-0.2.0.tgz"
  "version" "0.2.0"

"fresh@0.5.2":
  "integrity" "sha1-PYyt2Q2XZWn6g1qx+OSyOhBWBac="
  "resolved" "https://registry.npmjs.org/fresh/-/fresh-0.5.2.tgz"
  "version" "0.5.2"

"fs-extra@^8.0.1":
  "integrity" "sha512-yhlQgA6mnOJUKOsRUFsgJdQCvkKhcz8tlZG5HBQfReYZy46OwLcY+Zia0mtdHsOo9y/hP+CxMN0TU9QxoOtG4g=="
  "resolved" "https://registry.npmjs.org/fs-extra/-/fs-extra-8.1.0.tgz"
  "version" "8.1.0"
  dependencies:
    "graceful-fs" "^4.2.0"
    "jsonfile" "^4.0.0"
    "universalify" "^0.1.0"

"generaterr@^1.5.0":
  "integrity" "sha1-sM62zFFk3yoGEzjMNAqGFTlcUvw="
  "resolved" "https://registry.npmjs.org/generaterr/-/generaterr-1.5.0.tgz"
  "version" "1.5.0"

"graceful-fs@^4.1.6", "graceful-fs@^4.2.0":
  "integrity" "sha512-qkIilPUYcNhJpd33n0GBXTB1MMPp14TxEsEs0pTrsSVucApsYzW5V+Q8Qxhik6KU3evy+qkAAowTByymK0avdg=="
  "resolved" "https://registry.npmjs.org/graceful-fs/-/graceful-fs-4.2.8.tgz"
  "version" "4.2.8"

"hooks-fixed@2.0.2":
  "integrity" "sha512-YurCM4gQSetcrhwEtpQHhQ4M7Zo7poNGqY4kQGeBS6eZtOcT3tnNs01ThFa0jYBByAiYt1MjMjP/YApG0EnAvQ=="
  "resolved" "https://registry.npmjs.org/hooks-fixed/-/hooks-fixed-2.0.2.tgz"
  "version" "2.0.2"

"http-errors@~1.6.2", "http-errors@~1.6.3", "http-errors@1.6.3":
  "integrity" "sha1-i1VoC7S+KDoLW/TqLjhYC+HZMg0="
  "resolved" "https://registry.npmjs.org/http-errors/-/http-errors-1.6.3.tgz"
  "version" "1.6.3"
  dependencies:
    "depd" "~1.1.2"
    "inherits" "2.0.3"
    "setprototypeof" "1.1.0"
    "statuses" ">= 1.4.0 < 2"

"iconv-lite@0.4.23":
  "integrity" "sha512-neyTUVFtahjf0mB3dZT77u+8O0QB89jFdnBkd5P1JgYPbPaia3gXXOVL2fq8VyU2gMMD7SaN7QukTB/pmXYvDA=="
  "resolved" "https://registry.npmjs.org/iconv-lite/-/iconv-lite-0.4.23.tgz"
  "version" "0.4.23"
  dependencies:
    "safer-buffer" ">= 2.1.2 < 3"

"imurmurhash@^0.1.4":
  "integrity" "sha1-khi5srkoojixPcT7a21XbyMUU+o="
  "resolved" "https://registry.npmjs.org/imurmurhash/-/imurmurhash-0.1.4.tgz"
  "version" "0.1.4"

"inherits@^2.0.1", "inherits@^2.0.3", "inherits@~2.0.1", "inherits@2.0.3":
  "integrity" "sha1-Yzwsg+PaQqUC9SRmAiSA9CCCYd4="
  "resolved" "https://registry.npmjs.org/inherits/-/inherits-2.0.3.tgz"
  "version" "2.0.3"

"ipaddr.js@1.9.1":
  "integrity" "sha512-0KI/607xoxSToH7GjN1FfSbLoU0+btTicjsQSWQlh/hZykN8KpmMf7uYwPW3R+akZ6R/w18ZlXSHBYXiYUPO3g=="
  "resolved" "https://registry.npmjs.org/ipaddr.js/-/ipaddr.js-1.9.1.tgz"
  "version" "1.9.1"

"is-promise@~1":
  "integrity" "sha1-MVc3YcBX4zwukaq56W2gjO++duU="
  "resolved" "https://registry.npmjs.org/is-promise/-/is-promise-1.0.1.tgz"
  "version" "1.0.1"

"is-typedarray@^1.0.0":
  "integrity" "sha1-5HnICFjfDBsR3dppQPlgEfzaSpo="
  "resolved" "https://registry.npmjs.org/is-typedarray/-/is-typedarray-1.0.0.tgz"
  "version" "1.0.0"

"isarray@~1.0.0":
  "integrity" "sha1-u5NdSFgsuhaMBoNJV6VKPgcSTxE="
  "resolved" "https://registry.npmjs.org/isarray/-/isarray-1.0.0.tgz"
  "version" "1.0.0"

"isarray@0.0.1":
  "integrity" "sha1-ihis/Kmo9Bd+Cav8YDiTmwXR7t8="
  "resolved" "https://registry.npmjs.org/isarray/-/isarray-0.0.1.tgz"
  "version" "0.0.1"

"jade@^0.31.2":
  "integrity" "sha1-zcitgSCovFjujNl14Z/cVVL4SSo="
  "resolved" "https://registry.npmjs.org/jade/-/jade-0.31.2.tgz"
  "version" "0.31.2"
  dependencies:
    "character-parser" "1.0.2"
    "commander" "1.1.1"
    "mkdirp" "0.3.x"
    "monocle" "0.1.48"
    "transformers" "2.0.1"
    "with" "1.0.4"

"jsonfile@^4.0.0":
  "integrity" "sha1-h3Gq4HmbZAdrdmQPygWPnBDjPss="
  "resolved" "https://registry.npmjs.org/jsonfile/-/jsonfile-4.0.0.tgz"
  "version" "4.0.0"
  optionalDependencies:
    "graceful-fs" "^4.1.6"

"jsonwebtoken@^8.2.0", "jsonwebtoken@^8.5.1":
  "integrity" "sha512-XjwVfRS6jTMsqYs0EsuJ4LGxXV14zQybNd4L2r0UvbVnSF9Af8x7p5MzbJ90Ioz/9TI41/hTCvznF/loiSzn8w=="
  "resolved" "https://registry.npmjs.org/jsonwebtoken/-/jsonwebtoken-8.5.1.tgz"
  "version" "8.5.1"
  dependencies:
    "jws" "^3.2.2"
    "lodash.includes" "^4.3.0"
    "lodash.isboolean" "^3.0.3"
    "lodash.isinteger" "^4.0.4"
    "lodash.isnumber" "^3.0.3"
    "lodash.isplainobject" "^4.0.6"
    "lodash.isstring" "^4.0.1"
    "lodash.once" "^4.0.0"
    "ms" "^2.1.1"
    "semver" "^5.6.0"

"jwa@^1.4.1":
  "integrity" "sha512-qiLX/xhEEFKUAJ6FiBMbes3w9ATzyk5W7Hvzpa/SLYdxNtng+gcurvrI7TbACjIXlsJyr05/S1oUhZrc63evQA=="
  "resolved" "https://registry.npmjs.org/jwa/-/jwa-1.4.1.tgz"
  "version" "1.4.1"
  dependencies:
    "buffer-equal-constant-time" "1.0.1"
    "ecdsa-sig-formatter" "1.0.11"
    "safe-buffer" "^5.0.1"

"jws@^3.2.2":
  "integrity" "sha512-YHlZCB6lMTllWDtSPHz/ZXTsi8S00usEV6v1tjq8tOUZzw7DpSDWVXjXDre6ed1w/pd495ODpHZYSdkRTsa0HA=="
  "resolved" "https://registry.npmjs.org/jws/-/jws-3.2.2.tgz"
  "version" "3.2.2"
  dependencies:
    "jwa" "^1.4.1"
    "safe-buffer" "^5.0.1"

"kareem@1.5.0":
  "integrity" "sha1-4+QQHZ3P3imXadr0tNtk2JXRdEg="
  "resolved" "https://registry.npmjs.org/kareem/-/kareem-1.5.0.tgz"
  "version" "1.5.0"

"keypress@0.1.x":
  "integrity" "sha1-SjGI1CkbZrT2XtuZ+AaqmuKTWSo="
  "resolved" "https://registry.npmjs.org/keypress/-/keypress-0.1.0.tgz"
  "version" "0.1.0"

"kruptein@^2.0.4":
  "integrity" "sha512-BTwprBPTzkFT9oTugxKd3WnWrX630MqUDsnmBuoa98eQs12oD4n4TeI0GbpdGcYn/73Xueg2rfnw+oK4dovnJg=="
  "resolved" "https://registry.npmjs.org/kruptein/-/kruptein-2.2.3.tgz"
  "version" "2.2.3"
  dependencies:
    "asn1.js" "^5.4.1"

"lexical-scope@0.0.12":
  "integrity" "sha1-vWrACBREVBHYipYwekKXjC0vroA="
  "resolved" "https://registry.npmjs.org/lexical-scope/-/lexical-scope-0.0.12.tgz"
  "version" "0.0.12"
  dependencies:
    "astw" "~0.0.0"

"lodash.get@4.4.2":
  "integrity" "sha1-LRd/ZS+jHpObRDjVNBSZ36OCXpk="
  "resolved" "https://registry.npmjs.org/lodash.get/-/lodash.get-4.4.2.tgz"
  "version" "4.4.2"

"lodash.includes@^4.3.0":
  "integrity" "sha1-YLuYqHy5I8aMoeUTJUgzFISfVT8="
  "resolved" "https://registry.npmjs.org/lodash.includes/-/lodash.includes-4.3.0.tgz"
  "version" "4.3.0"

"lodash.isboolean@^3.0.3":
  "integrity" "sha1-bC4XHbKiV82WgC/UOwGyDV9YcPY="
  "resolved" "https://registry.npmjs.org/lodash.isboolean/-/lodash.isboolean-3.0.3.tgz"
  "version" "3.0.3"

"lodash.isinteger@^4.0.4":
  "integrity" "sha1-YZwK89A/iwTDH1iChAt3sRzWg0M="
  "resolved" "https://registry.npmjs.org/lodash.isinteger/-/lodash.isinteger-4.0.4.tgz"
  "version" "4.0.4"

"lodash.isnumber@^3.0.3":
  "integrity" "sha1-POdoEMWSjQM1IwGsKHMX8RwLH/w="
  "resolved" "https://registry.npmjs.org/lodash.isnumber/-/lodash.isnumber-3.0.3.tgz"
  "version" "3.0.3"

"lodash.isplainobject@^4.0.6":
  "integrity" "sha1-fFJqUtibRcRcxpC4gWO+BJf1UMs="
  "resolved" "https://registry.npmjs.org/lodash.isplainobject/-/lodash.isplainobject-4.0.6.tgz"
  "version" "4.0.6"

"lodash.isstring@^4.0.1":
  "integrity" "sha1-1SfftUVuynzJu5XV2ur4i6VKVFE="
  "resolved" "https://registry.npmjs.org/lodash.isstring/-/lodash.isstring-4.0.1.tgz"
  "version" "4.0.1"

"lodash.once@^4.0.0":
  "integrity" "sha1-DdOXEhPHxW34gJd9UEyI+0cal6w="
  "resolved" "https://registry.npmjs.org/lodash.once/-/lodash.once-4.1.1.tgz"
  "version" "4.1.1"

"lodash@^4.14.0":
  "integrity" "sha512-v2kDEe57lecTulaDIuNTPy3Ry4gLGJ6Z1O3vE1krgXZNrsQ+LFTGHVxVjcXPs17LhbZVGedAJv8XZ1tvj5FvSg=="
  "resolved" "https://registry.npmjs.org/lodash/-/lodash-4.17.21.tgz"
  "version" "4.17.21"

"media-typer@0.3.0":
  "integrity" "sha1-hxDXrwqmJvj/+hzgAWhUUmMlV0g="
  "resolved" "https://registry.npmjs.org/media-typer/-/media-typer-0.3.0.tgz"
  "version" "0.3.0"

"merge-descriptors@1.0.1":
  "integrity" "sha1-sAqqVW3YtEVoFQ7J0blT8/kMu2E="
  "resolved" "https://registry.npmjs.org/merge-descriptors/-/merge-descriptors-1.0.1.tgz"
  "version" "1.0.1"

"methods@~1.1.2":
  "integrity" "sha1-VSmk1nZUE07cxSZmVoNbD4Ua/O4="
  "resolved" "https://registry.npmjs.org/methods/-/methods-1.1.2.tgz"
  "version" "1.1.2"

"mime-db@1.51.0":
  "integrity" "sha512-5y8A56jg7XVQx2mbv1lu49NR4dokRnhZYTtL+KGfaa27uq4pSTXkwQkFJl4pkRMyNFz/EtYDSkiiEHx3F7UN6g=="
  "resolved" "https://registry.npmjs.org/mime-db/-/mime-db-1.51.0.tgz"
  "version" "1.51.0"

"mime-types@~2.1.24":
  "integrity" "sha512-6cP692WwGIs9XXdOO4++N+7qjqv0rqxxVvJ3VHPh/Sc9mVZcQP+ZGhkKiTvWMQRr2tbHkJP/Yn7Y0npb3ZBs4A=="
  "resolved" "https://registry.npmjs.org/mime-types/-/mime-types-2.1.34.tgz"
  "version" "2.1.34"
  dependencies:
    "mime-db" "1.51.0"

"mime@1.4.1":
  "integrity" "sha512-KI1+qOZu5DcW6wayYHSzR/tXKCDC5Om4s1z2QJjDULzLcmf3DvzS7oluY4HCTrc+9FiKmWUgeNLg7W3uIQvxtQ=="
  "resolved" "https://registry.npmjs.org/mime/-/mime-1.4.1.tgz"
  "version" "1.4.1"

"minimalistic-assert@^1.0.0":
  "integrity" "sha512-UtJcAD4yEaGtjPezWuO9wC4nwUnVH/8/Im3yEHQP4b67cXlD/Qr9hdITCU1xDbSEXg2XKNaP8jsReV7vQd00/A=="
  "resolved" "https://registry.npmjs.org/minimalistic-assert/-/minimalistic-assert-1.0.1.tgz"
  "version" "1.0.1"

"minimatch@>=0.2.4":
  "integrity" "sha512-yJHVQEhyqPLUTgt9B83PXu6W3rx4MvvHvSUvToogpwoGDOUQ+yDrR0HRot+yOCdCO7u4hX3pWft6kWBBcqh0UA=="
  "resolved" "https://registry.npmjs.org/minimatch/-/minimatch-3.0.4.tgz"
  "version" "3.0.4"
  dependencies:
    "brace-expansion" "^1.1.7"

"minimist@^1.2.5":
  "integrity" "sha512-FM9nNUYrRBAELZQT3xeZQ7fmMOBg6nWNmJKTcgsJeaLstP/UODVpGsr5OhXhhXg6f+qtJ8uiZ+PUxkDWcgIXLw=="
  "resolved" "https://registry.npmjs.org/minimist/-/minimist-1.2.5.tgz"
  "version" "1.2.5"

"mkdirp@^0.5.4":
  "integrity" "sha512-NKmAlESf6jMGym1++R0Ra7wvhV+wFW63FaSOFPwRahvea0gMUcGUhVeAg/0BC0wiv9ih5NYPB1Wn1UEI1/L+xQ=="
  "resolved" "https://registry.npmjs.org/mkdirp/-/mkdirp-0.5.5.tgz"
  "version" "0.5.5"
  dependencies:
    "minimist" "^1.2.5"

"mkdirp@0.3.x":
  "integrity" "sha1-3j5fiWHIjHh+4TaN+EmsRBPsqNc="
  "resolved" "https://registry.npmjs.org/mkdirp/-/mkdirp-0.3.5.tgz"
  "version" "0.3.5"

"mongodb-core@2.1.18":
  "integrity" "sha1-TEYTm986HwMt7ZHbSfOO7AFlkFA="
  "resolved" "https://registry.npmjs.org/mongodb-core/-/mongodb-core-2.1.18.tgz"
  "version" "2.1.18"
  dependencies:
    "bson" "~1.0.4"
    "require_optional" "~1.0.0"

"mongodb@2.2.34":
  "integrity" "sha1-o09Zu+thdUrsQy3nLD/iFSakTBo="
  "resolved" "https://registry.npmjs.org/mongodb/-/mongodb-2.2.34.tgz"
  "version" "2.2.34"
  dependencies:
    "es6-promise" "3.2.1"
    "mongodb-core" "2.1.18"
    "readable-stream" "2.2.7"

"mongoose-currency@^0.2.0":
  "integrity" "sha1-L1MnLV1yCvNaFxIw+zDW0i105FE="
  "resolved" "https://registry.npmjs.org/mongoose-currency/-/mongoose-currency-0.2.0.tgz"
  "version" "0.2.0"

"mongoose@^4.13.21":
  "integrity" "sha512-0VZtQu1rSUPwUtbb7zh6CymI0nNkVInOIDbtWNlna070qnUO14On8PpSVSwlx3gwmkKL2OkP4ioCj5YHC6trMg=="
  "resolved" "https://registry.npmjs.org/mongoose/-/mongoose-4.13.21.tgz"
  "version" "4.13.21"
  dependencies:
    "async" "2.6.0"
    "bson" "~1.0.4"
    "hooks-fixed" "2.0.2"
    "kareem" "1.5.0"
    "lodash.get" "4.4.2"
    "mongodb" "2.2.34"
    "mpath" "0.5.1"
    "mpromise" "0.5.5"
    "mquery" "2.3.3"
    "ms" "2.0.0"
    "muri" "1.3.0"
    "regexp-clone" "0.0.1"
    "sliced" "1.0.1"

"monocle@0.1.48":
  "integrity" "sha1-uWcw9cqQD6daVgQettsQqtmAo4M="
  "resolved" "https://registry.npmjs.org/monocle/-/monocle-0.1.48.tgz"
  "version" "0.1.48"
  dependencies:
    "readdirp" "~0.2.3"

"morgan@~1.9.1":
  "integrity" "sha512-HQStPIV4y3afTiCYVxirakhlCfGkI161c76kKFca7Fk1JusM//Qeo1ej2XaMniiNeaZklMVrh3vTtIzpzwbpmA=="
  "resolved" "https://registry.npmjs.org/morgan/-/morgan-1.9.1.tgz"
  "version" "1.9.1"
  dependencies:
    "basic-auth" "~2.0.0"
    "debug" "2.6.9"
    "depd" "~1.1.2"
    "on-finished" "~2.3.0"
    "on-headers" "~1.0.1"

"mpath@0.5.1":
  "integrity" "sha512-H8OVQ+QEz82sch4wbODFOz+3YQ61FYz/z3eJ5pIdbMEaUzDqA268Wd+Vt4Paw9TJfvDgVKaayC0gBzMIw2jhsg=="
  "resolved" "https://registry.npmjs.org/mpath/-/mpath-0.5.1.tgz"
  "version" "0.5.1"

"mpromise@0.5.5":
  "integrity" "sha1-9bJCWddjrMIlewoMjG2Gb9UXMuY="
  "resolved" "https://registry.npmjs.org/mpromise/-/mpromise-0.5.5.tgz"
  "version" "0.5.5"

"mquery@2.3.3":
  "integrity" "sha512-NC8L14kn+qxJbbJ1gbcEMDxF0sC3sv+1cbRReXXwVvowcwY1y9KoVZFq0ebwARibsadu8lx8nWGvm3V0Pf0ZWQ=="
  "resolved" "https://registry.npmjs.org/mquery/-/mquery-2.3.3.tgz"
  "version" "2.3.3"
  dependencies:
    "bluebird" "3.5.0"
    "debug" "2.6.9"
    "regexp-clone" "0.0.1"
    "sliced" "0.0.5"

"ms@^2.1.1":
  "integrity" "sha512-6FlzubTLZG3J2a/NVCAleEhjzq5oxgHyaCU9yYXvcLsvoVaHJq/s5xXI6/XXP6tz7R9xAOtHnSO/tXtF3WRTlA=="
  "resolved" "https://registry.npmjs.org/ms/-/ms-2.1.3.tgz"
  "version" "2.1.3"

"ms@2.0.0":
  "integrity" "sha1-VgiurfwAvmwpAd9fmGF4jeDVl8g="
  "resolved" "https://registry.npmjs.org/ms/-/ms-2.0.0.tgz"
  "version" "2.0.0"

"multer@^1.4.4":
  "integrity" "sha512-2wY2+xD4udX612aMqMcB8Ws2Voq6NIUPEtD1be6m411T4uDH/VtL9i//xvcyFlTVfRdaBsk7hV5tgrGQqhuBiw=="
  "resolved" "https://registry.npmjs.org/multer/-/multer-1.4.4.tgz"
  "version" "1.4.4"
  dependencies:
    "append-field" "^1.0.0"
    "busboy" "^0.2.11"
    "concat-stream" "^1.5.2"
    "mkdirp" "^0.5.4"
    "object-assign" "^4.1.1"
    "on-finished" "^2.3.0"
    "type-is" "^1.6.4"
    "xtend" "^4.0.0"

"muri@1.3.0":
  "integrity" "sha512-FiaFwKl864onHFFUV/a2szAl7X0fxVlSKNdhTf+BM8i8goEgYut8u5P9MqQqIYwvaMxjzVESsoEm/2kfkFH1rg=="
  "resolved" "https://registry.npmjs.org/muri/-/muri-1.3.0.tgz"
  "version" "1.3.0"

"negotiator@0.6.2":
  "integrity" "sha512-hZXc7K2e+PgeI1eDBe/10Ard4ekbfrrqG8Ep+8Jmf4JID2bNg7NvCPOZN+kfF574pFQI7mum2AUqDidoKqcTOw=="
  "resolved" "https://registry.npmjs.org/negotiator/-/negotiator-0.6.2.tgz"
  "version" "0.6.2"

"oauth@0.9.x":
  "integrity" "sha1-vR/vr2hslrdUda7VGWQS/2DPucE="
  "resolved" "https://registry.npmjs.org/oauth/-/oauth-0.9.15.tgz"
  "version" "0.9.15"

"object-assign@^4", "object-assign@^4.1.1":
  "integrity" "sha1-IQmtx5ZYh8/AXLvUQsrIv7s2CGM="
  "resolved" "https://registry.npmjs.org/object-assign/-/object-assign-4.1.1.tgz"
  "version" "4.1.1"

"on-finished@^2.3.0", "on-finished@~2.3.0":
  "integrity" "sha1-IPEzZIGwg811M3mSoWlxqi2QaUc="
  "resolved" "https://registry.npmjs.org/on-finished/-/on-finished-2.3.0.tgz"
  "version" "2.3.0"
  dependencies:
    "ee-first" "1.1.1"

"on-headers@~1.0.1", "on-headers@~1.0.2":
  "integrity" "sha512-pZAE+FJLoyITytdqK0U5s+FIpjN0JP3OzFi/u8Rx+EV5/W+JTWGXG8xFzevE7AjBfDqHv/8vL8qQsIhHnqRkrA=="
  "resolved" "https://registry.npmjs.org/on-headers/-/on-headers-1.0.2.tgz"
  "version" "1.0.2"

"optimist@~0.3.5":
  "integrity" "sha1-yQlBrVnkJzMokjB00s8ufLxuwNk="
  "resolved" "https://registry.npmjs.org/optimist/-/optimist-0.3.7.tgz"
  "version" "0.3.7"
  dependencies:
    "wordwrap" "~0.0.2"

"parseurl@~1.3.2", "parseurl@~1.3.3":
  "integrity" "sha512-CiyeOxFT/JZyN5m0z9PfXw4SCBJ6Sygz1Dpl0wqjlhDEGGBP1GnsUVEL0p63hoG1fcj3fHynXi9NYO4nWOL+qQ=="
  "resolved" "https://registry.npmjs.org/parseurl/-/parseurl-1.3.3.tgz"
  "version" "1.3.3"

"passport-facebook-token@^4.0.0":
  "integrity" "sha512-QihlU3xphIVDvhko1e2pfLZfIyLnjIgSO2CVtlas0QNv3484atvfQLs+3WoXSkG70KEV/nhD5Dkki/QGqsHeMA=="
  "resolved" "https://registry.npmjs.org/passport-facebook-token/-/passport-facebook-token-4.0.0.tgz"
  "version" "4.0.0"
  dependencies:
    "passport-oauth" "1.0.0"

"passport-jwt@^4.0.0":
  "integrity" "sha512-BwC0n2GP/1hMVjR4QpnvqA61TxenUMlmfNjYNgK0ZAs0HK4SOQkHcSv4L328blNTLtHq7DbmvyNJiH+bn6C5Mg=="
  "resolved" "https://registry.npmjs.org/passport-jwt/-/passport-jwt-4.0.0.tgz"
  "version" "4.0.0"
  dependencies:
    "jsonwebtoken" "^8.2.0"
    "passport-strategy" "^1.0.0"

"passport-local-mongoose@^6.1.0":
  "integrity" "sha512-kxRDejpBXoPmWau1RCrmEeNYEXGG9ec4aDYjd0pFAHIEAzZ0RXKn581ISfjpHZ1zZLoCCM2pWUo4SfGHNJNwnw=="
  "resolved" "https://registry.npmjs.org/passport-local-mongoose/-/passport-local-mongoose-6.1.0.tgz"
  "version" "6.1.0"
  dependencies:
    "generaterr" "^1.5.0"
    "passport-local" "^1.0.0"
    "scmp" "^2.1.0"

"passport-local@^1.0.0":
  "integrity" "sha1-H+YyaMkudWBmJkN+O5BmYsFbpu4="
  "resolved" "https://registry.npmjs.org/passport-local/-/passport-local-1.0.0.tgz"
  "version" "1.0.0"
  dependencies:
    "passport-strategy" "1.x.x"

"passport-oauth@1.0.0":
  "integrity" "sha1-kK/2M4dUDwIImvKM2tOep/gNd98="
  "resolved" "https://registry.npmjs.org/passport-oauth/-/passport-oauth-1.0.0.tgz"
  "version" "1.0.0"
  dependencies:
    "passport-oauth1" "1.x.x"
    "passport-oauth2" "1.x.x"

"passport-oauth1@1.x.x":
  "integrity" "sha512-Sv2YWodC6jN12M/OXwmR4BIXeeIHjjbwYTQw4kS6tHK4zYzSEpxBgSJJnknBjICA5cj0ju3FSnG1XmHgIhYnLg=="
  "resolved" "https://registry.npmjs.org/passport-oauth1/-/passport-oauth1-1.2.0.tgz"
  "version" "1.2.0"
  dependencies:
    "oauth" "0.9.x"
    "passport-strategy" "1.x.x"
    "utils-merge" "1.x.x"

"passport-oauth2@1.x.x":
  "integrity" "sha512-ZbV43Hq9d/SBSYQ22GOiglFsjsD1YY/qdiptA+8ej+9C1dL1TVB+mBE5kDH/D4AJo50+2i8f4bx0vg4/yDDZCQ=="
  "resolved" "https://registry.npmjs.org/passport-oauth2/-/passport-oauth2-1.6.1.tgz"
  "version" "1.6.1"
  dependencies:
    "base64url" "3.x.x"
    "oauth" "0.9.x"
    "passport-strategy" "1.x.x"
    "uid2" "0.0.x"
    "utils-merge" "1.x.x"

"passport-strategy@^1.0.0", "passport-strategy@1.x.x":
  "integrity" "sha1-tVOaqPwiWj0a0XlHbd8ja0QPUuQ="
  "resolved" "https://registry.npmjs.org/passport-strategy/-/passport-strategy-1.0.0.tgz"
  "version" "1.0.0"

"passport@^0.5.2":
  "integrity" "sha512-w9n/Ot5I7orGD4y+7V3EFJCQEznE5RxHamUxcqLT2QoJY0f2JdN8GyHonYFvN0Vz+L6lUJfVhrk2aZz2LbuREw=="
  "resolved" "https://registry.npmjs.org/passport/-/passport-0.5.2.tgz"
  "version" "0.5.2"
  dependencies:
    "passport-strategy" "1.x.x"
    "pause" "0.0.1"

"path-to-regexp@0.1.7":
  "integrity" "sha1-32BBeABfUi8V60SQ5yR6G/qmf4w="
  "resolved" "https://registry.npmjs.org/path-to-regexp/-/path-to-regexp-0.1.7.tgz"
  "version" "0.1.7"

"pause@0.0.1":
  "integrity" "sha1-HUCLP9t2kjuVQ9lvtMnf1TXZy10="
  "resolved" "https://registry.npmjs.org/pause/-/pause-0.0.1.tgz"
  "version" "0.0.1"

"process-nextick-args@~1.0.6":
  "integrity" "sha1-FQ4gt1ZZCtP5EJPyWk8q2L/zC6M="
  "resolved" "https://registry.npmjs.org/process-nextick-args/-/process-nextick-args-1.0.7.tgz"
  "version" "1.0.7"

"promise@~2.0":
  "integrity" "sha1-RmSKqdYFr10ucMMCS/WUNtoCuA4="
  "resolved" "https://registry.npmjs.org/promise/-/promise-2.0.0.tgz"
  "version" "2.0.0"
  dependencies:
    "is-promise" "~1"

"proxy-addr@~2.0.4":
  "integrity" "sha512-llQsMLSUDUPT44jdrU/O37qlnifitDP+ZwrmmZcoSKyLKvtZxpyV0n2/bD/N4tBAAZ/gJEdZU7KMraoK1+XYAg=="
  "resolved" "https://registry.npmjs.org/proxy-addr/-/proxy-addr-2.0.7.tgz"
  "version" "2.0.7"
  dependencies:
    "forwarded" "0.2.0"
    "ipaddr.js" "1.9.1"

"qs@6.5.2":
  "integrity" "sha512-N5ZAX4/LxJmF+7wN74pUD6qAh9/wnvdQcjq9TZjevvXzSUo7bfmw91saqMjzGS2xq91/odN2dW/WOl7qQHNDGA=="
  "resolved" "https://registry.npmjs.org/qs/-/qs-6.5.2.tgz"
  "version" "6.5.2"

"random-bytes@~1.0.0":
  "integrity" "sha1-T2ih3Arli9P7lYSMMDJNt11kNgs="
  "resolved" "https://registry.npmjs.org/random-bytes/-/random-bytes-1.0.0.tgz"
  "version" "1.0.0"

"range-parser@~1.2.0":
  "integrity" "sha512-Hrgsx+orqoygnmhFbKaHE6c296J+HTAQXoxEF6gNupROmmGJRoyzfG3ccAveqCBrwr/2yxQ5BVd/GTl5agOwSg=="
  "resolved" "https://registry.npmjs.org/range-parser/-/range-parser-1.2.1.tgz"
  "version" "1.2.1"

"raw-body@2.3.3":
  "integrity" "sha512-9esiElv1BrZoI3rCDuOuKCBRbuApGGaDPQfjSflGxdy4oyzqghxu6klEkkVIvBje+FF0BX9coEv8KqW6X/7njw=="
  "resolved" "https://registry.npmjs.org/raw-body/-/raw-body-2.3.3.tgz"
  "version" "2.3.3"
  dependencies:
    "bytes" "3.0.0"
    "http-errors" "1.6.3"
    "iconv-lite" "0.4.23"
    "unpipe" "1.0.0"

"readable-stream@^2.2.2", "readable-stream@2.2.7":
  "integrity" "sha1-BwV6y+JGeyIELTb5jFrVBwVOlbE="
  "resolved" "https://registry.npmjs.org/readable-stream/-/readable-stream-2.2.7.tgz"
  "version" "2.2.7"
  dependencies:
    "buffer-shims" "~1.0.0"
    "core-util-is" "~1.0.0"
    "inherits" "~2.0.1"
    "isarray" "~1.0.0"
    "process-nextick-args" "~1.0.6"
    "string_decoder" "~1.0.0"
    "util-deprecate" "~1.0.1"

"readable-stream@1.1.x":
  "integrity" "sha1-fPTFTvZI44EwhMY23SB54WbAgdk="
  "resolved" "https://registry.npmjs.org/readable-stream/-/readable-stream-1.1.14.tgz"
  "version" "1.1.14"
  dependencies:
    "core-util-is" "~1.0.0"
    "inherits" "~2.0.1"
    "isarray" "0.0.1"
    "string_decoder" "~0.10.x"

"readdirp@~0.2.3":
  "integrity" "sha1-xMJ25Sl3riXbUZH+UdAIVQ8V2bs="
  "resolved" "https://registry.npmjs.org/readdirp/-/readdirp-0.2.5.tgz"
  "version" "0.2.5"
  dependencies:
    "minimatch" ">=0.2.4"

"regexp-clone@0.0.1":
  "integrity" "sha1-p8LgmJH9vzj7sQ03b7cwA+aKxYk="
  "resolved" "https://registry.npmjs.org/regexp-clone/-/regexp-clone-0.0.1.tgz"
  "version" "0.0.1"

"require_optional@~1.0.0":
  "integrity" "sha512-qhM/y57enGWHAe3v/NcwML6a3/vfESLe/sGM2dII+gEO0BpKRUkWZow/tyloNqJyN6kXSl3RyyM8Ll5D/sJP8g=="
  "resolved" "https://registry.npmjs.org/require_optional/-/require_optional-1.0.1.tgz"
  "version" "1.0.1"
  dependencies:
    "resolve-from" "^2.0.0"
    "semver" "^5.1.0"

"resolve-from@^2.0.0":
  "integrity" "sha1-lICrIOlP+h2egKgEx+oUdhGWa1c="
  "resolved" "https://registry.npmjs.org/resolve-from/-/resolve-from-2.0.0.tgz"
  "version" "2.0.0"

"retry@^0.12.0":
  "integrity" "sha1-G0KmJmoh8HQh0bC1S33BZ7AcATs="
  "resolved" "https://registry.npmjs.org/retry/-/retry-0.12.0.tgz"
  "version" "0.12.0"

"safe-buffer@^5.0.1", "safe-buffer@~5.1.0", "safe-buffer@5.1.2":
  "integrity" "sha512-Gd2UZBJDkXlY7GbJxfsE8/nvKkUEU1G38c1siN6QP6a9PT9MmHB8GnpscSmMJSoF8LOIrt8ud/wPtojys4G6+g=="
  "resolved" "https://registry.npmjs.org/safe-buffer/-/safe-buffer-5.1.2.tgz"
  "version" "5.1.2"

"safe-buffer@5.2.1":
  "integrity" "sha512-rp3So07KcdmmKbGvgaNxQSJr7bGVSVk5S9Eq1F+ppbRo70+YeaDxkw5Dd8NPN+GD6bjnYm2VuPuCXmpuYvmCXQ=="
  "resolved" "https://registry.npmjs.org/safe-buffer/-/safe-buffer-5.2.1.tgz"
  "version" "5.2.1"

"safer-buffer@^2.1.0", "safer-buffer@>= 2.1.2 < 3":
  "integrity" "sha512-YZo3K82SD7Riyi0E1EQPojLz7kpepnSQI9IyPbHHg1XXXevb5dJI7tpyN2ADxGcQbHG7vcyRHk0cbwqcQriUtg=="
  "resolved" "https://registry.npmjs.org/safer-buffer/-/safer-buffer-2.1.2.tgz"
  "version" "2.1.2"

"scmp@^2.1.0":
  "integrity" "sha512-o/mRQGk9Rcer/jEEw/yw4mwo3EU/NvYvp577/Btqrym9Qy5/MdWGBqipbALgd2lrdWTJ5/gqDusxfnQBxOxT2Q=="
  "resolved" "https://registry.npmjs.org/scmp/-/scmp-2.1.0.tgz"
  "version" "2.1.0"

"semver@^5.1.0", "semver@^5.6.0":
  "integrity" "sha512-sauaDf/PZdVgrLTNYHRtpXa1iRiKcaebiKQ1BJdpQlWH2lCvexQdX55snPFyK7QzpudqbCI0qXFfOasHdyNDGQ=="
  "resolved" "https://registry.npmjs.org/semver/-/semver-5.7.1.tgz"
  "version" "5.7.1"

"send@0.16.2":
  "integrity" "sha512-E64YFPUssFHEFBvpbbjr44NCLtI1AohxQ8ZSiJjQLskAdKuriYEP6VyGEsRDH8ScozGpkaX1BGvhanqCwkcEZw=="
  "resolved" "https://registry.npmjs.org/send/-/send-0.16.2.tgz"
  "version" "0.16.2"
  dependencies:
    "debug" "2.6.9"
    "depd" "~1.1.2"
    "destroy" "~1.0.4"
    "encodeurl" "~1.0.2"
    "escape-html" "~1.0.3"
    "etag" "~1.8.1"
    "fresh" "0.5.2"
    "http-errors" "~1.6.2"
    "mime" "1.4.1"
    "ms" "2.0.0"
    "on-finished" "~2.3.0"
    "range-parser" "~1.2.0"
    "statuses" "~1.4.0"

"serve-static@1.13.2":
  "integrity" "sha512-p/tdJrO4U387R9oMjb1oj7qSMaMfmOyd4j9hOFoxZe2baQszgHcSWjuya/CiT5kgZZKRudHNOA0pYXOl8rQ5nw=="
  "resolved" "https://registry.npmjs.org/serve-static/-/serve-static-1.13.2.tgz"
  "version" "1.13.2"
  dependencies:
    "encodeurl" "~1.0.2"
    "escape-html" "~1.0.3"
    "parseurl" "~1.3.2"
    "send" "0.16.2"

"session-file-store@^1.5.0":
  "integrity" "sha512-60IZaJNzyu2tIeHutkYE8RiXVx3KRvacOxfLr2Mj92SIsRIroDsH0IlUUR6fJAjoTW4RQISbaOApa2IZpIwFdQ=="
  "resolved" "https://registry.npmjs.org/session-file-store/-/session-file-store-1.5.0.tgz"
  "version" "1.5.0"
  dependencies:
    "bagpipe" "^0.3.5"
    "fs-extra" "^8.0.1"
    "kruptein" "^2.0.4"
    "object-assign" "^4.1.1"
    "retry" "^0.12.0"
    "write-file-atomic" "3.0.3"

"setprototypeof@1.1.0":
  "integrity" "sha512-BvE/TwpZX4FXExxOxZyRGQQv651MSwmWKZGqvmPcRIjDqWub67kTKuIMx43cZZrS/cBBzwBcNDWoFxt2XEFIpQ=="
  "resolved" "https://registry.npmjs.org/setprototypeof/-/setprototypeof-1.1.0.tgz"
  "version" "1.1.0"

"signal-exit@^3.0.2":
  "integrity" "sha512-sDl4qMFpijcGw22U5w63KmD3cZJfBuFlVNbVMKje2keoKML7X2UzWbc4XrmEbDwg0NXJc3yv4/ox7b+JWb57kQ=="
  "resolved" "https://registry.npmjs.org/signal-exit/-/signal-exit-3.0.6.tgz"
  "version" "3.0.6"

"sliced@0.0.5":
  "integrity" "sha1-XtwETKTrb3gW1Qui/GPiXY/kcH8="
  "resolved" "https://registry.npmjs.org/sliced/-/sliced-0.0.5.tgz"
  "version" "0.0.5"

"sliced@1.0.1":
  "integrity" "sha1-CzpmK10Ewxd7GSa+qCsD+Dei70E="
  "resolved" "https://registry.npmjs.org/sliced/-/sliced-1.0.1.tgz"
  "version" "1.0.1"

"source-map@~0.1.7":
  "integrity" "sha1-wkvBRspRfBRx9drL4lcbK3+eM0Y="
  "resolved" "https://registry.npmjs.org/source-map/-/source-map-0.1.43.tgz"
  "version" "0.1.43"
  dependencies:
    "amdefine" ">=0.0.4"

"statuses@>= 1.4.0 < 2", "statuses@~1.4.0":
  "integrity" "sha512-zhSCtt8v2NDrRlPQpCNtw/heZLtfUDqxBM1udqikb/Hbk52LK4nQSwr10u77iopCW5LsyHpuXS0GnEc48mLeew=="
  "resolved" "https://registry.npmjs.org/statuses/-/statuses-1.4.0.tgz"
  "version" "1.4.0"

"streamsearch@0.1.2":
  "integrity" "sha1-gIudDlb8Jz2Am6VzOOkpkZoanxo="
  "resolved" "https://registry.npmjs.org/streamsearch/-/streamsearch-0.1.2.tgz"
  "version" "0.1.2"

"string_decoder@~0.10.x":
  "integrity" "sha1-YuIDvEF2bGwoyfyEMB2rHFMQ+pQ="
  "resolved" "https://registry.npmjs.org/string_decoder/-/string_decoder-0.10.31.tgz"
  "version" "0.10.31"

"string_decoder@~1.0.0":
  "integrity" "sha512-4AH6Z5fzNNBcH+6XDMfA/BTt87skxqJlO0lAh3Dker5zThcAxG6mKz+iGu308UKoPPQ8Dcqx/4JhujzltRa+hQ=="
  "resolved" "https://registry.npmjs.org/string_decoder/-/string_decoder-1.0.3.tgz"
  "version" "1.0.3"
  dependencies:
    "safe-buffer" "~5.1.0"

"transformers@2.0.1":
  "integrity" "sha1-NSEx3865OnUy3HU1pPFCUQQ1o5Q="
  "resolved" "https://registry.npmjs.org/transformers/-/transformers-2.0.1.tgz"
  "version" "2.0.1"
  dependencies:
    "css" "~1.0.8"
    "promise" "~2.0"
    "uglify-js" "~2.2.5"

"type-is@^1.6.4", "type-is@~1.6.16":
  "integrity" "sha512-TkRKr9sUTxEH8MdfuCSP7VizJyzRNMjj2J2do2Jr3Kym598JVdEksuzPQCnlFPW4ky9Q+iA+ma9BGm06XQBy8g=="
  "resolved" "https://registry.npmjs.org/type-is/-/type-is-1.6.18.tgz"
  "version" "1.6.18"
  dependencies:
    "media-typer" "0.3.0"
    "mime-types" "~2.1.24"

"typedarray-to-buffer@^3.1.5":
  "integrity" "sha512-zdu8XMNEDepKKR+XYOXAVPtWui0ly0NtohUscw+UmaHiAWT8hrV1rr//H6V+0DvJ3OQ19S979M0laLfX8rm82Q=="
  "resolved" "https://registry.npmjs.org/typedarray-to-buffer/-/typedarray-to-buffer-3.1.5.tgz"
  "version" "3.1.5"
  dependencies:
    "is-typedarray" "^1.0.0"

"typedarray@^0.0.6":
  "integrity" "sha1-hnrHTjhkGHsdPUfZlqeOxciDB3c="
  "resolved" "https://registry.npmjs.org/typedarray/-/typedarray-0.0.6.tgz"
  "version" "0.0.6"

"uglify-js@~2.2.5":
  "integrity" "sha1-puAqcNg5eSuXgEiLe4sYTAlcmcc="
  "resolved" "https://registry.npmjs.org/uglify-js/-/uglify-js-2.2.5.tgz"
  "version" "2.2.5"
  dependencies:
    "optimist" "~0.3.5"
    "source-map" "~0.1.7"

"uid-safe@~2.1.5":
  "integrity" "sha512-KPHm4VL5dDXKz01UuEd88Df+KzynaohSL9fBh096KWAxSKZQDI2uBrVqtvRM4rwrIrRRKsdLNML/lnaaVSRioA=="
  "resolved" "https://registry.npmjs.org/uid-safe/-/uid-safe-2.1.5.tgz"
  "version" "2.1.5"
  dependencies:
    "random-bytes" "~1.0.0"

"uid2@0.0.x":
  "integrity" "sha512-IevTus0SbGwQzYh3+fRsAMTVVPOoIVufzacXcHPmdlle1jUpq7BRL+mw3dgeLanvGZdwwbWhRV6XrcFNdBmjWA=="
  "resolved" "https://registry.npmjs.org/uid2/-/uid2-0.0.4.tgz"
  "version" "0.0.4"

"universalify@^0.1.0":
  "integrity" "sha512-rBJeI5CXAlmy1pV+617WB9J63U6XcazHHF2f2dbJix4XzpUF0RS3Zbj0FGIOCAva5P/d/GBOYaACQ1w+0azUkg=="
  "resolved" "https://registry.npmjs.org/universalify/-/universalify-0.1.2.tgz"
  "version" "0.1.2"

"unpipe@~1.0.0", "unpipe@1.0.0":
  "integrity" "sha1-sr9O6FFKrmFltIF4KdIbLvSZBOw="
  "resolved" "https://registry.npmjs.org/unpipe/-/unpipe-1.0.0.tgz"
  "version" "1.0.0"

"util-deprecate@~1.0.1":
  "integrity" "sha1-RQ1Nyfpw3nMnYvvS1KKJgUGaDM8="
  "resolved" "https://registry.npmjs.org/util-deprecate/-/util-deprecate-1.0.2.tgz"
  "version" "1.0.2"

"utils-merge@1.0.1", "utils-merge@1.x.x":
  "integrity" "sha1-n5VxD1CiZ5R7LMwSR0HBAoQn5xM="
  "resolved" "https://registry.npmjs.org/utils-merge/-/utils-merge-1.0.1.tgz"
  "version" "1.0.1"

"vary@^1", "vary@~1.1.2":
  "integrity" "sha1-IpnwLG3tMNSllhsLn3RSShj2NPw="
  "resolved" "https://registry.npmjs.org/vary/-/vary-1.1.2.tgz"
  "version" "1.1.2"

"with@1.0.4":
  "integrity" "sha1-Z7cOlndCuRWxk0UHYoFRGU402us="
  "resolved" "https://registry.npmjs.org/with/-/with-1.0.4.tgz"
  "version" "1.0.4"
  dependencies:
    "lexical-scope" "0.0.12"

"wordwrap@~0.0.2":
  "integrity" "sha1-o9XabNXAvAAI03I0u68b7WMFkQc="
  "resolved" "https://registry.npmjs.org/wordwrap/-/wordwrap-0.0.3.tgz"
  "version" "0.0.3"

"write-file-atomic@3.0.3":
  "integrity" "sha512-AvHcyZ5JnSfq3ioSyjrBkH9yW4m7Ayk8/9My/DD9onKeu/94fwrMocemO2QAJFAlnnDN+ZDS+ZjAR5ua1/PV/Q=="
  "resolved" "https://registry.npmjs.org/write-file-atomic/-/write-file-atomic-3.0.3.tgz"
  "version" "3.0.3"
  dependencies:
    "imurmurhash" "^0.1.4"
    "is-typedarray" "^1.0.0"
    "signal-exit" "^3.0.2"
    "typedarray-to-buffer" "^3.1.5"

"xtend@^4.0.0":
  "integrity" "sha512-LKYU1iAXJXUgAXn9URjiu+MWhyUXHsvfp7mcuYm9dSUKK0/CjtrUwFAxD82/mCWbtLsGjFIad0wIsod4zrTAEQ=="
  "resolved" "https://registry.npmjs.org/xtend/-/xtend-4.0.2.tgz"
  "version" "4.0.2"
